
Microsoft Visual Studio Solution File, Format Version 12.00
# Visual Studio Version 17
VisualStudioVersion = 17.2.32526.322
MinimumVisualStudioVersion = 10.0.40219.1
Project("{2150E333-8FDC-42A3-9474-1A3956D46DE8}") = "Items", "Items", "{84BC1DC5-FA69-4B28-BCE4-DE4602F66749}"
EndProject
Project("{FAE04EC0-301F-11D3-BF4B-00C04F79EFBC}") = "SysManager.API.Admin", "..\SysManager.API.Admin\SysManager.API.Admin.csproj", "{17FB3C36-5C96-4211-83E9-284929C85839}"
EndProject
Project("{FAE04EC0-301F-11D3-BF4B-00C04F79EFBC}") = "SysManager.Application", "..\SysManager.Application\SysManager.Application.csproj", "{489B9D22-B610-4C40-9061-76B817449649}"
EndProject
Global
	GlobalSection(SolutionConfigurationPlatforms) = preSolution
		Debug|Any CPU = Debug|Any CPU
		Release|Any CPU = Release|Any CPU
	EndGlobalSection
	GlobalSection(ProjectConfigurationPlatforms) = postSolution
		{17FB3C36-5C96-4211-83E9-284929C85839}.Debug|Any CPU.ActiveCfg = Debug|Any CPU
		{17FB3C36-5C96-4211-83E9-284929C85839}.Debug|Any CPU.Build.0 = Debug|Any CPU
		{17FB3C36-5C96-4211-83E9-284929C85839}.Release|Any CPU.ActiveCfg = Release|Any CPU
		{17FB3C36-5C96-4211-83E9-284929C85839}.Release|Any CPU.Build.0 = Release|Any CPU
		{489B9D22-B610-4C40-9061-76B817449649}.Debug|Any CPU.ActiveCfg = Debug|Any CPU
		{489B9D22-B610-4C40-9061-76B817449649}.Debug|Any CPU.Build.0 = Debug|Any CPU
		{489B9D22-B610-4C40-9061-76B817449649}.Release|Any CPU.ActiveCfg = Release|Any CPU
		{489B9D22-B610-4C40-9061-76B817449649}.Release|Any CPU.Build.0 = Release|Any CPU
	EndGlobalSection
	GlobalSection(SolutionProperties) = preSolution
		HideSolutionNode = FALSE
	EndGlobalSection
	GlobalSection(ExtensibilityGlobals) = postSolution
		SolutionGuid = {6CCE4F7B-F635-4592-81D6-6E120A7A25C8}
	EndGlobalSection
EndGlobal
